<?xml version="1.0" encoding="utf-8"?>
<Project ToolsVersion="4.0" xmlns="http://schemas.microsoft.com/developer/msbuild/2003">
  <ItemGroup>
    <Filter Include="源文件">
      <UniqueIdentifier>{4FC737F1-C7A5-4376-A066-2A32D752A2FF}</UniqueIdentifier>
      <Extensions>cpp;c;cc;cxx;def;odl;idl;hpj;bat;asm;asmx</Extensions>
    </Filter>
    <Filter Include="头文件">
      <UniqueIdentifier>{93995380-89BD-4b04-88EB-625FBE52EBFB}</UniqueIdentifier>
      <Extensions>h;hpp;hxx;hm;inl;inc;xsd</Extensions>
    </Filter>
    <Filter Include="资源文件">
      <UniqueIdentifier>{67DA6AB6-F800-4c08-8B7A-83BB121AAD01}</UniqueIdentifier>
      <Extensions>rc;ico;cur;bmp;dlg;rc2;rct;bin;rgs;gif;jpg;jpeg;jpe;resx;tiff;tif;png;wav;mfcribbon-ms</Extensions>
    </Filter>
    <Filter Include="Common">
      <UniqueIdentifier>{3b800814-e612-45f5-8c1d-c6ef6dc356e4}</UniqueIdentifier>
    </Filter>
  </ItemGroup>
  <ItemGroup>
    <None Include="ReadMe.txt" />
    <None Include="res\QuickDim.rc2">
      <Filter>资源文件</Filter>
    </None>
    <None Include="bitmap1.bmp">
      <Filter>资源文件</Filter>
    </None>
    <None Include="..\Support\PIC.bmp">
      <Filter>资源文件</Filter>
    </None>
  </ItemGroup>
  <ItemGroup>
    <ClCompile Include="QuickDim.cpp">
      <Filter>源文件</Filter>
    </ClCompile>
    <ClCompile Include="stdafx.cpp">
      <Filter>源文件</Filter>
    </ClCompile>
    <ClCompile Include="DocData.cpp">
      <Filter>源文件</Filter>
    </ClCompile>
    <ClCompile Include="acrxEntryPoint.cpp">
      <Filter>源文件</Filter>
    </ClCompile>
    <ClCompile Include="Common\AppDirectoryUtil.cpp">
      <Filter>Common</Filter>
    </ClCompile>
    <ClCompile Include="Common\BlockUtil.cpp">
      <Filter>Common</Filter>
    </ClCompile>
    <ClCompile Include="Common\ConvertUtil.cpp">
      <Filter>Common</Filter>
    </ClCompile>
    <ClCompile Include="Common\DwgDatabaseUtil.cpp">
      <Filter>Common</Filter>
    </ClCompile>
    <ClCompile Include="Common\GeRectangleUtil.cpp">
      <Filter>Common</Filter>
    </ClCompile>
    <ClCompile Include="Common\GetInputUtil.cpp">
      <Filter>Common</Filter>
    </ClCompile>
    <ClCompile Include="Common\IniFile.cpp">
      <Filter>Common</Filter>
    </ClCompile>
    <ClCompile Include="Common\LayerUtil.cpp">
      <Filter>Common</Filter>
    </ClCompile>
    <ClCompile Include="Common\MathUtil.cpp">
      <Filter>Common</Filter>
    </ClCompile>
    <ClCompile Include="Common\SelectUtil.cpp">
      <Filter>Common</Filter>
    </ClCompile>
    <ClCompile Include="Common\StringUtil.cpp">
      <Filter>Common</Filter>
    </ClCompile>
    <ClCompile Include="Common\TextStyleUtil.cpp">
      <Filter>Common</Filter>
    </ClCompile>
    <ClCompile Include="Common\TextUtil.cpp">
      <Filter>Common</Filter>
    </ClCompile>
    <ClCompile Include="Common\Tools.cpp">
      <Filter>Common</Filter>
    </ClCompile>
    <ClCompile Include="QdDlg.cpp">
      <Filter>源文件</Filter>
    </ClCompile>
    <ClCompile Include="DrawDimJig.cpp">
      <Filter>源文件</Filter>
    </ClCompile>
    <ClCompile Include="DrawDim.cpp">
      <Filter>源文件</Filter>
    </ClCompile>
  </ItemGroup>
  <ItemGroup>
    <ClInclude Include="stdafx.h">
      <Filter>头文件</Filter>
    </ClInclude>
    <ClInclude Include="Resource.h">
      <Filter>头文件</Filter>
    </ClInclude>
    <ClInclude Include="DocData.h">
      <Filter>头文件</Filter>
    </ClInclude>
    <ClInclude Include="targetver.h">
      <Filter>头文件</Filter>
    </ClInclude>
    <ClInclude Include="Common\AllHead.h">
      <Filter>Common</Filter>
    </ClInclude>
    <ClInclude Include="Common\AppDirectoryUtil.h">
      <Filter>Common</Filter>
    </ClInclude>
    <ClInclude Include="Common\BlockUtil.h">
      <Filter>Common</Filter>
    </ClInclude>
    <ClInclude Include="Common\ConvertUtil.h">
      <Filter>Common</Filter>
    </ClInclude>
    <ClInclude Include="Common\DwgDatabaseUtil.h">
      <Filter>Common</Filter>
    </ClInclude>
    <ClInclude Include="Common\GeRectangleUtil.h">
      <Filter>Common</Filter>
    </ClInclude>
    <ClInclude Include="Common\GetInputUtil.h">
      <Filter>Common</Filter>
    </ClInclude>
    <ClInclude Include="Common\IniFile.h">
      <Filter>Common</Filter>
    </ClInclude>
    <ClInclude Include="Common\LayerUtil.h">
      <Filter>Common</Filter>
    </ClInclude>
    <ClInclude Include="Common\MathUtil.h">
      <Filter>Common</Filter>
    </ClInclude>
    <ClInclude Include="Common\SelectUtil.h">
      <Filter>Common</Filter>
    </ClInclude>
    <ClInclude Include="Common\StringUtil.h">
      <Filter>Common</Filter>
    </ClInclude>
    <ClInclude Include="Common\TextStyleUtil.h">
      <Filter>Common</Filter>
    </ClInclude>
    <ClInclude Include="Common\TextUtil.h">
      <Filter>Common</Filter>
    </ClInclude>
    <ClInclude Include="Common\Tools.h">
      <Filter>Common</Filter>
    </ClInclude>
    <ClInclude Include="QdDlg.h">
      <Filter>头文件</Filter>
    </ClInclude>
    <ClInclude Include="DrawDimJig.h">
      <Filter>头文件</Filter>
    </ClInclude>
    <ClInclude Include="DrawDim.h">
      <Filter>头文件</Filter>
    </ClInclude>
  </ItemGroup>
  <ItemGroup>
    <ResourceCompile Include="QuickDim.rc">
      <Filter>资源文件</Filter>
    </ResourceCompile>
  </ItemGroup>
</Project>